# This file is generated by running "yarn install" inside your project.
# Manual changes might be lost - proceed with caution!

__metadata:
  version: 10
  cacheKey: 10c0

"argparse@npm:^2.0.1":
  version: 2.0.1
  resolution: "argparse@npm:2.0.1"
  checksum: 10c0/c5640c2d89045371c7cedd6a70212a04e360fd34d6edeae32f6952c63949e3525ea77dbec0289d8213a99bbaeab5abfa860b5c12cf88a2e6cf8106e90dd27a7e
  languageName: node
  linkType: hard

"async@npm:~2.6.4":
  version: 2.6.4
  resolution: "async@npm:2.6.4"
  dependencies:
    lodash: "npm:^4.17.14"
  checksum: 10c0/0ebb3273ef96513389520adc88e0d3c45e523d03653cc9b66f5c46f4239444294899bfd13d2b569e7dbfde7da2235c35cf5fd3ece9524f935d41bbe4efccdad0
  languageName: node
  linkType: hard

"balanced-match@npm:^4.0.2":
  version: 4.0.4
  resolution: "balanced-match@npm:4.0.4"
  checksum: 10c0/07e86102a3eb2ee2a6a1a89164f29d0dbaebd28f2ca3f5ca786f36b8b23d9e417eb3be45a4acf754f837be5ac0a2317de90d3fcb7f4f4dc95720a1f36b26a17b
  languageName: node
  linkType: hard

"brace-expansion@npm:^5.0.8":
  version: 5.0.12
  resolution: "brace-expansion@npm:5.0.12"
  dependencies:
    balanced-match: "npm:^4.0.2"
  checksum: 10c0/a40ac64d3bdb5bb222456514d3633c1f627f03b844f509c69e70f98b78be0ce85e21b44bbfecdd0ddd4cc0855ca4242b41ea96ddccf88c7c3c7a84405474bb3a
  languageName: node
  linkType: hard

"browser-stdout@npm:^1.3.1":
  version: 1.3.1
  resolution: "browser-stdout@npm:1.3.1"
  checksum: 10c0/c40e482fd82be872b6ea7b9f7591beafbf6f5ba522fe3dade98ba1573a1c29a11101564993e4eb44e5488be8f44510af072df9a9637c739217eb155ceb639205
  languageName: node
  linkType: hard

"chokidar@npm:^5.0.0":
  version: 5.0.0
  resolution: "chokidar@npm:5.0.0"
  dependencies:
    readdirp: "npm:^5.0.0"
  checksum: 10c0/42fc907cb2a7ff5c9e220f84dae75380a77997f851c2a5e7865a2cf9ae45dd407a23557208cdcdbf3ac8c93341135a1748e4c48c31855f3bfa095e5159b6bdec
  languageName: node
  linkType: hard

"debug@npm:^4.3.5":
  version: 4.4.3
  resolution: "debug@npm:4.4.3"
  dependencies:
    ms: "npm:^2.1.3"
  peerDependenciesMeta:
    supports-color:
      optional: true
  checksum: 10c0/d79136ec6c83ecbefd0f6a5593da6a9c91ec4d7ddc4b54c883d6e71ec9accb5f67a1a5e96d00a328196b5b5c86d365e98d8a3a70856aaf16b4e7b1985e67f5a6
  languageName: node
  linkType: hard

"diff@npm:^9.0.0":
  version: 9.0.0
  resolution: "diff@npm:9.0.0"
  checksum: 10c0/a971cc88f66071a33bd3942db2f51b57d484e9856265ae45cf44fb28ab2fde91f132d9c26d8be0fb6082d2be94d29e1295c1adb251b7461935d6a2dd304cd161
  languageName: node
  linkType: hard

"find-up-simple@npm:^1.0.1":
  version: 1.0.1
  resolution: "find-up-simple@npm:1.0.1"
  checksum: 10c0/ad34de157b7db925d50ff78302fefb28e309f3bc947c93ffca0f9b0bccf9cf1a2dc57d805d5c94ec9fc60f4838f5dbdfd2a48ecd77c23015fa44c6dd5f60bc40
  languageName: node
  linkType: hard

"glob@npm:^13.0.0":
  version: 13.0.6
  resolution: "glob@npm:13.0.6"
  dependencies:
    minimatch: "npm:^10.2.2"
    minipass: "npm:^7.1.3"
    path-scurry: "npm:^2.0.2"
  checksum: 10c0/269c236f11a9b50357fe7a8c6aadac667e01deb5242b19c84975628f05f4438d8ee1354bb62c5d6c10f37fd59911b54d7799730633a2786660d8c69f1d18120a
  languageName: node
  linkType: hard

"has-flag@npm:^4.0.0":
  version: 4.0.0
  resolution: "has-flag@npm:4.0.0"
  checksum: 10c0/2e789c61b7888d66993e14e8331449e525ef42aac53c627cc53d1c3334e768bcb6abdc4f5f0de1478a25beec6f0bd62c7549058b7ac53e924040d4f301f02fd1
  languageName: node
  linkType: hard

"is-path-inside@npm:^4.0.0":
  version: 4.0.0
  resolution: "is-path-inside@npm:4.0.0"
  checksum: 10c0/51188d7e2b1d907a9a5f7c18d99a90b60870b951ed87cf97595d9aaa429d4c010652c3350bcbf31182e7f4b0eab9a1860b43e16729b13cb1a44baaa6cdb64c46
  languageName: node
  linkType: hard

"is-unicode-supported@npm:^0.1.0":
  version: 0.1.0
  resolution: "is-unicode-supported@npm:0.1.0"
  checksum: 10c0/00cbe3455c3756be68d2542c416cab888aebd5012781d6819749fefb15162ff23e38501fe681b3d751c73e8ff561ac09a5293eba6f58fdf0178462ce6dcb3453
  languageName: node
  linkType: hard

"js-yaml@npm:^5.0.0":
  version: 5.4.2
  resolution: "js-yaml@npm:5.4.2"
  dependencies:
    argparse: "npm:^2.0.1"
  bin:
    js-yaml: bin/js-yaml.mjs
  checksum: 10c0/ba7e0f72c93c7a84eca2c3de45d2a9188b16a20e83f036df723a3ac29e841496382d0b0849592f63028d1c640bcc5b65f88800da342f47469b5b99bda5c75bfc
  languageName: node
  linkType: hard

"lodash@npm:^4.17.14":
  version: 4.18.1
  resolution: "lodash@npm:4.18.1"
  checksum: 10c0/757228fc68805c59789e82185135cf85f05d0b2d3d54631d680ca79ec21944ec8314d4533639a14b8bcfbd97a517e78960933041a5af17ecb693ec6eecb99a27
  languageName: node
  linkType: hard

"lru-cache@npm:^11.0.0":
  version: 11.5.3
  resolution: "lru-cache@npm:11.5.3"
  checksum: 10c0/2ad9bce6343a3544a1fd15364d8b35609aa52b2593d21fdc4877cabfe003b0f3deca4f9d6e9d13262f06e9e3d159de45c0a2f3edfc3adb46192333b5f146d8ed
  languageName: node
  linkType: hard

"minimatch@npm:^10.2.2":
  version: 10.2.6
  resolution: "minimatch@npm:10.2.6"
  dependencies:
    brace-expansion: "npm:^5.0.8"
  checksum: 10c0/4559a836243b98bd4d17ea9f7edae698717c76399eea7be374f3737f33164e4907f19e9726891ddeb122f750a5a7fa80d2ac43e851d6e5984dc4ff42ec127d3a
  languageName: node
  linkType: hard

"minipass@npm:^7.1.2, minipass@npm:^7.1.3":
  version: 7.1.3
  resolution: "minipass@npm:7.1.3"
  checksum: 10c0/539da88daca16533211ea5a9ee98dc62ff5742f531f54640dd34429e621955e91cc280a91a776026264b7f9f6735947629f920944e9c1558369e8bf22eb33fbb
  languageName: node
  linkType: hard

"mocha@npm:^12.0.2":
  version: 12.0.2
  resolution: "mocha@npm:12.0.2"
  dependencies:
    browser-stdout: "npm:^1.3.1"
    chokidar: "npm:^5.0.0"
    debug: "npm:^4.3.5"
    diff: "npm:^9.0.0"
    find-up-simple: "npm:^1.0.1"
    glob: "npm:^13.0.0"
    is-path-inside: "npm:^4.0.0"
    is-unicode-supported: "npm:^0.1.0"
    js-yaml: "npm:^5.0.0"
    minimatch: "npm:^10.2.2"
    ms: "npm:^2.1.3"
    picocolors: "npm:^1.1.1"
    serialize-javascript: "npm:^7.1.1"
    strip-json-comments: "npm:^5.0.3"
    supports-color: "npm:^8.1.1"
    workerpool: "npm:^10.0.0"
  bin:
    mocha: bin/mocha.js
  checksum: 10c0/11bf7ff6691b3f287b7e9e1cd35389add5d2ad4c5f6cdd66938fcbaed6caaa63025e341bd5971223c7e3a988dbf505e374ac1628c612ad9c9fb35bd837095c02
  languageName: node
  linkType: hard

"ms@npm:^2.1.3":
  version: 2.1.3
  resolution: "ms@npm:2.1.3"
  checksum: 10c0/d924b57e7312b3b63ad21fc5b3dc0af5e78d61a1fc7cfb5457edaf26326bf62be5307cc87ffb6862ef1c2b33b0233cdb5d4f01c4c958cc0d660948b65a287a48
  languageName: node
  linkType: hard

"node-forge@npm:^1.3.1":
  version: 1.4.0
  resolution: "node-forge@npm:1.4.0"
  checksum: 10c0/67330a5f1f95257a4c8a93b7d555abe87b5f15e350123aa396c97a21a8ca94f9c6549008eb2c73668a91e0d7e3a905785acbd8f8bd0751c29401292011f8f8e1
  languageName: node
  linkType: hard

"path-scurry@npm:^2.0.2":
  version: 2.0.2
  resolution: "path-scurry@npm:2.0.2"
  dependencies:
    lru-cache: "npm:^11.0.0"
    minipass: "npm:^7.1.2"
  checksum: 10c0/b35ad37cf6557a87fd057121ce2be7695380c9138d93e87ae928609da259ea0a170fac6f3ef1eb3ece8a068e8b7f2f3adf5bb2374cf4d4a57fe484954fcc9482
  languageName: node
  linkType: hard

"pensievecreds@workspace:.":
  version: 0.0.0-use.local
  resolution: "pensievecreds@workspace:."
  dependencies:
    async: "npm:~2.6.4"
    mocha: "npm:^12.0.2"
    node-forge: "npm:^1.3.1"
  languageName: unknown
  linkType: soft

"picocolors@npm:^1.1.1":
  version: 1.1.1
  resolution: "picocolors@npm:1.1.1"
  checksum: 10c0/e2e3e8170ab9d7c7421969adaa7e1b31434f789afb9b3f115f6b96d91945041ac3ceb02e9ec6fe6510ff036bcc0bf91e69a1772edc0b707e12b19c0f2d6bcf58
  languageName: node
  linkType: hard

"readdirp@npm:^5.0.0":
  version: 5.1.1
  resolution: "readdirp@npm:5.1.1"
  checksum: 10c0/5e99755684b9104761e48801828f4d2614efa33b1698629929c5985184dc63a7f8233c827832c40dc7be16b00cc871d303cf9de396d2fb74b9465ee2aa2424a1
  languageName: node
  linkType: hard

"serialize-javascript@npm:^7.1.1":
  version: 7.1.1
  resolution: "serialize-javascript@npm:7.1.1"
  checksum: 10c0/a9209f0c3e946cc4421b705cfa502a28a7a5fed65eee22cb66b4200f374b2c3b8c9d0fadb6a00c75d7c0cd09c2780d1e0f390c75dce9d6dfb171f0b63c85014a
  languageName: node
  linkType: hard

"strip-json-comments@npm:^5.0.3":
  version: 5.0.3
  resolution: "strip-json-comments@npm:5.0.3"
  checksum: 10c0/daaf20b29f69fb51112698f4a9a662490dbb78d5baf6127c75a0a83c2ac6c078a8c0f74b389ad5e0519d6fc359c4a57cb9971b1ae201aef62ce45a13247791e0
  languageName: node
  linkType: hard

"supports-color@npm:^8.1.1":
  version: 8.1.1
  resolution: "supports-color@npm:8.1.1"
  dependencies:
    has-flag: "npm:^4.0.0"
  checksum: 10c0/ea1d3c275dd604c974670f63943ed9bd83623edc102430c05adb8efc56ba492746b6e95386e7831b872ec3807fd89dd8eb43f735195f37b5ec343e4234cc7e89
  languageName: node
  linkType: hard

"workerpool@npm:^10.0.0":
  version: 10.0.3
  resolution: "workerpool@npm:10.0.3"
  checksum: 10c0/a20a274ac9afc6c329f5b1661914a8ebd160320cfbd816b723b6ef385e41b186ef0bf2d6d82a77556fc33599ce14e40c7fdfd44a2a4daff488257cdd396fa9e9
  languageName: node
  linkType: hard
